// !$*UTF8*$!
{
	archiveVersion = 1;
	classes = {
	};
	objectVersion = 77;
	objects = {

/* Begin PBXBuildFile section */
		B31B892B2EC63BE500C5BE60 /* ContentAnalyticsIntegrationTests.swift in Sources */ = {isa = PBXBuildFile; fileRef = B31B892A2EC63BE500C5BE60 /* ContentAnalyticsIntegrationTests.swift */; };
		B32B529C2EB3ABB500B6E5B0 /* Preview Assets.xcassets in Resources */ = {isa = PBXBuildFile; fileRef = B32B52862EB3ABB500B6E5B0 /* Preview Assets.xcassets */; };
		B32B529D2EB3ABB500B6E5B0 /* products.json in Resources */ = {isa = PBXBuildFile; fileRef = B32B52812EB3ABB500B6E5B0 /* products.json */; };
		B32B529E2EB3ABB500B6E5B0 /* Assets.xcassets in Resources */ = {isa = PBXBuildFile; fileRef = B32B527C2EB3ABB500B6E5B0 /* Assets.xcassets */; };
		B32B529F2EB3ABB500B6E5B0 /* general.json in Resources */ = {isa = PBXBuildFile; fileRef = B32B52802EB3ABB500B6E5B0 /* general.json */; };
		B32B52A12EB3ABB500B6E5B0 /* ProductRow.swift in Sources */ = {isa = PBXBuildFile; fileRef = B32B52972EB3ABB500B6E5B0 /* ProductRow.swift */; };
		B32B52A22EB3ABB500B6E5B0 /* ProductView.swift in Sources */ = {isa = PBXBuildFile; fileRef = B32B52992EB3ABB500B6E5B0 /* ProductView.swift */; };
		B32B52A42EB3ABB500B6E5B0 /* AppDelegate.swift in Sources */ = {isa = PBXBuildFile; fileRef = B32B527B2EB3ABB500B6E5B0 /* AppDelegate.swift */; };
		B32B52A52EB3ABB500B6E5B0 /* ContentView.swift in Sources */ = {isa = PBXBuildFile; fileRef = B32B52932EB3ABB500B6E5B0 /* ContentView.swift */; };
		B32B52A62EB3ABB500B6E5B0 /* MobileSDK.swift in Sources */ = {isa = PBXBuildFile; fileRef = B32B528B2EB3ABB500B6E5B0 /* MobileSDK.swift */; };
		B32B52A72EB3ABB500B6E5B0 /* TrackedImageExamples.swift in Sources */ = {isa = PBXBuildFile; fileRef = B32B52902EB3ABB500B6E5B0 /* TrackedImageExamples.swift */; };
		B32B52A82EB3ABB500B6E5B0 /* General.swift in Sources */ = {isa = PBXBuildFile; fileRef = B32B52832EB3ABB500B6E5B0 /* General.swift */; };
		B32B52A92EB3ABB500B6E5B0 /* Extensions.swift in Sources */ = {isa = PBXBuildFile; fileRef = B32B528A2EB3ABB500B6E5B0 /* Extensions.swift */; };
		B32B52AA2EB3ABB500B6E5B0 /* LumaApp.swift in Sources */ = {isa = PBXBuildFile; fileRef = B32B527F2EB3ABB500B6E5B0 /* LumaApp.swift */; };
		B32B52AB2EB3ABB500B6E5B0 /* Products.swift in Sources */ = {isa = PBXBuildFile; fileRef = B32B52842EB3ABB500B6E5B0 /* Products.swift */; };
		B32B52AC2EB3ABB500B6E5B0 /* HomeView.swift in Sources */ = {isa = PBXBuildFile; fileRef = B32B52942EB3ABB500B6E5B0 /* HomeView.swift */; };
		B32B52AD2EB3ABB500B6E5B0 /* SceneDelegate.swift in Sources */ = {isa = PBXBuildFile; fileRef = B32B52882EB3ABB500B6E5B0 /* SceneDelegate.swift */; };
		B32B52AE2EB3ABB500B6E5B0 /* ProductsView.swift in Sources */ = {isa = PBXBuildFile; fileRef = B32B52982EB3ABB500B6E5B0 /* ProductsView.swift */; };
		B32B52AF2EB3ABB500B6E5B0 /* TrackedExperienceView.swift in Sources */ = {isa = PBXBuildFile; fileRef = B32B528E2EB3ABB500B6E5B0 /* TrackedExperienceView.swift */; };
		B32B52B02EB3ABB500B6E5B0 /* Bundle-Decodable.swift in Sources */ = {isa = PBXBuildFile; fileRef = B32B52892EB3ABB500B6E5B0 /* Bundle-Decodable.swift */; };
		B32B52B12EB3ABB500B6E5B0 /* TrackedAsyncImage.swift in Sources */ = {isa = PBXBuildFile; fileRef = B32B528D2EB3ABB500B6E5B0 /* TrackedAsyncImage.swift */; };
		B32B52B22EB3ABB500B6E5B0 /* ConfigView.swift in Sources */ = {isa = PBXBuildFile; fileRef = B32B52922EB3ABB500B6E5B0 /* ConfigView.swift */; };
		B36E92622EC32BD600F35816 /* AEPContentAnalytics in Frameworks */ = {isa = PBXBuildFile; productRef = B36E92612EC32BD600F35816 /* AEPContentAnalytics */; };
		B36E92652EC3320000F35816 /* AEPEdgeIdentity in Frameworks */ = {isa = PBXBuildFile; productRef = B36E92642EC3320000F35816 /* AEPEdgeIdentity */; };
		B36E92672EC3324C00F35816 /* AEPEdge in Frameworks */ = {isa = PBXBuildFile; productRef = B36E92662EC3324C00F35816 /* AEPEdge */; };
		B36E92692EC332C300F35816 /* AEPEdgeConsent in Frameworks */ = {isa = PBXBuildFile; productRef = B36E92682EC332C300F35816 /* AEPEdgeConsent */; };
		B36E926C2EC3340C00F35816 /* AEPCore in Frameworks */ = {isa = PBXBuildFile; productRef = B36E926B2EC3340C00F35816 /* AEPCore */; };
		B36E926E2EC3340C00F35816 /* AEPIdentity in Frameworks */ = {isa = PBXBuildFile; productRef = B36E926D2EC3340C00F35816 /* AEPIdentity */; };
		B36E92702EC3340C00F35816 /* AEPLifecycle in Frameworks */ = {isa = PBXBuildFile; productRef = B36E926F2EC3340C00F35816 /* AEPLifecycle */; };
		B36E92722EC3340C00F35816 /* AEPServices in Frameworks */ = {isa = PBXBuildFile; productRef = B36E92712EC3340C00F35816 /* AEPServices */; };
		B36E92742EC3340C00F35816 /* AEPSignal in Frameworks */ = {isa = PBXBuildFile; productRef = B36E92732EC3340C00F35816 /* AEPSignal */; };
		B36E92772EC3364900F35816 /* AEPAssurance in Frameworks */ = {isa = PBXBuildFile; productRef = B36E92762EC3364900F35816 /* AEPAssurance */; };
/* End PBXBuildFile section */

/* Begin PBXContainerItemProxy section */
		B32B525F2EB3AB7500B6E5B0 /* PBXContainerItemProxy */ = {
			isa = PBXContainerItemProxy;
			containerPortal = B32B52492EB3AB7400B6E5B0 /* Project object */;
			proxyType = 1;
			remoteGlobalIDString = B32B52502EB3AB7400B6E5B0;
			remoteInfo = AEPContentAnalyticsDemo;
		};
		B32B52692EB3AB7600B6E5B0 /* PBXContainerItemProxy */ = {
			isa = PBXContainerItemProxy;
			containerPortal = B32B52492EB3AB7400B6E5B0 /* Project object */;
			proxyType = 1;
			remoteGlobalIDString = B32B52502EB3AB7400B6E5B0;
			remoteInfo = AEPContentAnalyticsDemo;
		};
/* End PBXContainerItemProxy section */

/* Begin PBXFileReference section */
		B31B892A2EC63BE500C5BE60 /* ContentAnalyticsIntegrationTests.swift */ = {isa = PBXFileReference; lastKnownFileType = sourcecode.swift; path = ContentAnalyticsIntegrationTests.swift; sourceTree = "<group>"; };
		B32B52512EB3AB7400B6E5B0 /* AEPContentAnalyticsDemo.app */ = {isa = PBXFileReference; explicitFileType = wrapper.application; includeInIndex = 0; path = AEPContentAnalyticsDemo.app; sourceTree = BUILT_PRODUCTS_DIR; };
		B32B525E2EB3AB7500B6E5B0 /* AEPContentAnalyticsDemoTests.xctest */ = {isa = PBXFileReference; explicitFileType = wrapper.cfbundle; includeInIndex = 0; path = AEPContentAnalyticsDemoTests.xctest; sourceTree = BUILT_PRODUCTS_DIR; };
		B32B52682EB3AB7600B6E5B0 /* AEPContentAnalyticsDemoUITests.xctest */ = {isa = PBXFileReference; explicitFileType = wrapper.cfbundle; includeInIndex = 0; path = AEPContentAnalyticsDemoUITests.xctest; sourceTree = BUILT_PRODUCTS_DIR; };
		B32B527B2EB3ABB500B6E5B0 /* AppDelegate.swift */ = {isa = PBXFileReference; lastKnownFileType = sourcecode.swift; path = AppDelegate.swift; sourceTree = "<group>"; };
		B32B527C2EB3ABB500B6E5B0 /* Assets.xcassets */ = {isa = PBXFileReference; lastKnownFileType = folder.assetcatalog; path = Assets.xcassets; sourceTree = "<group>"; };
		B32B527E2EB3ABB500B6E5B0 /* Luma.entitlements */ = {isa = PBXFileReference; lastKnownFileType = text.plist.entitlements; path = Luma.entitlements; sourceTree = "<group>"; };
		B32B527F2EB3ABB500B6E5B0 /* LumaApp.swift */ = {isa = PBXFileReference; lastKnownFileType = sourcecode.swift; path = LumaApp.swift; sourceTree = "<group>"; };
		B32B52802EB3ABB500B6E5B0 /* general.json */ = {isa = PBXFileReference; lastKnownFileType = text.json; path = general.json; sourceTree = "<group>"; };
		B32B52812EB3ABB500B6E5B0 /* products.json */ = {isa = PBXFileReference; lastKnownFileType = text.json; path = products.json; sourceTree = "<group>"; };
		B32B52832EB3ABB500B6E5B0 /* General.swift */ = {isa = PBXFileReference; lastKnownFileType = sourcecode.swift; path = General.swift; sourceTree = "<group>"; };
		B32B52842EB3ABB500B6E5B0 /* Products.swift */ = {isa = PBXFileReference; lastKnownFileType = sourcecode.swift; path = Products.swift; sourceTree = "<group>"; };
		B32B52862EB3ABB500B6E5B0 /* Preview Assets.xcassets */ = {isa = PBXFileReference; lastKnownFileType = folder.assetcatalog; path = "Preview Assets.xcassets"; sourceTree = "<group>"; };
		B32B52882EB3ABB500B6E5B0 /* SceneDelegate.swift */ = {isa = PBXFileReference; lastKnownFileType = sourcecode.swift; path = SceneDelegate.swift; sourceTree = "<group>"; };
		B32B52892EB3ABB500B6E5B0 /* Bundle-Decodable.swift */ = {isa = PBXFileReference; lastKnownFileType = sourcecode.swift; path = "Bundle-Decodable.swift"; sourceTree = "<group>"; };
		B32B528A2EB3ABB500B6E5B0 /* Extensions.swift */ = {isa = PBXFileReference; lastKnownFileType = sourcecode.swift; path = Extensions.swift; sourceTree = "<group>"; };
		B32B528B2EB3ABB500B6E5B0 /* MobileSDK.swift */ = {isa = PBXFileReference; lastKnownFileType = sourcecode.swift; path = MobileSDK.swift; sourceTree = "<group>"; };
		B32B528D2EB3ABB500B6E5B0 /* TrackedAsyncImage.swift */ = {isa = PBXFileReference; lastKnownFileType = sourcecode.swift; path = TrackedAsyncImage.swift; sourceTree = "<group>"; };
		B32B528E2EB3ABB500B6E5B0 /* TrackedExperienceView.swift */ = {isa = PBXFileReference; lastKnownFileType = sourcecode.swift; path = TrackedExperienceView.swift; sourceTree = "<group>"; };
		B32B52902EB3ABB500B6E5B0 /* TrackedImageExamples.swift */ = {isa = PBXFileReference; lastKnownFileType = sourcecode.swift; path = TrackedImageExamples.swift; sourceTree = "<group>"; };
		B32B52922EB3ABB500B6E5B0 /* ConfigView.swift */ = {isa = PBXFileReference; lastKnownFileType = sourcecode.swift; path = ConfigView.swift; sourceTree = "<group>"; };
		B32B52932EB3ABB500B6E5B0 /* ContentView.swift */ = {isa = PBXFileReference; lastKnownFileType = sourcecode.swift; path = ContentView.swift; sourceTree = "<group>"; };
		B32B52942EB3ABB500B6E5B0 /* HomeView.swift */ = {isa = PBXFileReference; lastKnownFileType = sourcecode.swift; path = HomeView.swift; sourceTree = "<group>"; };
		B32B52972EB3ABB500B6E5B0 /* ProductRow.swift */ = {isa = PBXFileReference; lastKnownFileType = sourcecode.swift; path = ProductRow.swift; sourceTree = "<group>"; };
		B32B52982EB3ABB500B6E5B0 /* ProductsView.swift */ = {isa = PBXFileReference; lastKnownFileType = sourcecode.swift; path = ProductsView.swift; sourceTree = "<group>"; };
		B32B52992EB3ABB500B6E5B0 /* ProductView.swift */ = {isa = PBXFileReference; lastKnownFileType = sourcecode.swift; path = ProductView.swift; sourceTree = "<group>"; };
/* End PBXFileReference section */

/* Begin PBXFrameworksBuildPhase section */
		B32B524E2EB3AB7400B6E5B0 /* Frameworks */ = {
			isa = PBXFrameworksBuildPhase;
			buildActionMask = 2147483647;
			files = (
				B36E92672EC3324C00F35816 /* AEPEdge in Frameworks */,
				B36E92652EC3320000F35816 /* AEPEdgeIdentity in Frameworks */,
				B36E92622EC32BD600F35816 /* AEPContentAnalytics in Frameworks */,
				B36E926C2EC3340C00F35816 /* AEPCore in Frameworks */,
				B36E92692EC332C300F35816 /* AEPEdgeConsent in Frameworks */,
				B36E92772EC3364900F35816 /* AEPAssurance in Frameworks */,
				B36E92722EC3340C00F35816 /* AEPServices in Frameworks */,
				B36E92702EC3340C00F35816 /* AEPLifecycle in Frameworks */,
				B36E92742EC3340C00F35816 /* AEPSignal in Frameworks */,
				B36E926E2EC3340C00F35816 /* AEPIdentity in Frameworks */,
			);
			runOnlyForDeploymentPostprocessing = 0;
		};
		B32B525B2EB3AB7500B6E5B0 /* Frameworks */ = {
			isa = PBXFrameworksBuildPhase;
			buildActionMask = 2147483647;
			files = (
			);
			runOnlyForDeploymentPostprocessing = 0;
		};
		B32B52652EB3AB7600B6E5B0 /* Frameworks */ = {
			isa = PBXFrameworksBuildPhase;
			buildActionMask = 2147483647;
			files = (
			);
			runOnlyForDeploymentPostprocessing = 0;
		};
/* End PBXFrameworksBuildPhase section */

/* Begin PBXGroup section */
		B31B89232EC635B600C5BE60 /* AEPContentAnalyticsDemoTests */ = {
			isa = PBXGroup;
			children = (
			);
			path = AEPContentAnalyticsDemoTests;
			sourceTree = "<group>";
		};
		B31B89252EC635B600C5BE60 /* AEPContentAnalyticsDemoUITests */ = {
			isa = PBXGroup;
			children = (
				B31B892A2EC63BE500C5BE60 /* ContentAnalyticsIntegrationTests.swift */,
			);
			path = AEPContentAnalyticsDemoUITests;
			sourceTree = "<group>";
		};
		B32B52482EB3AB7400B6E5B0 = {
			isa = PBXGroup;
			children = (
				B32B527B2EB3ABB500B6E5B0 /* AppDelegate.swift */,
				B32B527C2EB3ABB500B6E5B0 /* Assets.xcassets */,
				B32B527E2EB3ABB500B6E5B0 /* Luma.entitlements */,
				B32B527F2EB3ABB500B6E5B0 /* LumaApp.swift */,
				B32B52852EB3ABB500B6E5B0 /* Model */,
				B32B52872EB3ABB500B6E5B0 /* Preview Content */,
				B32B52882EB3ABB500B6E5B0 /* SceneDelegate.swift */,
				B32B528C2EB3ABB500B6E5B0 /* Utils */,
				B32B529B2EB3ABB500B6E5B0 /* Views */,
				B32B53322EB3AE0B00B6E5B0 /* Frameworks */,
				B32B52522EB3AB7400B6E5B0 /* Products */,
				B31B89232EC635B600C5BE60 /* AEPContentAnalyticsDemoTests */,
				B31B89252EC635B600C5BE60 /* AEPContentAnalyticsDemoUITests */,
			);
			sourceTree = "<group>";
		};
		B32B52522EB3AB7400B6E5B0 /* Products */ = {
			isa = PBXGroup;
			children = (
				B32B52512EB3AB7400B6E5B0 /* AEPContentAnalyticsDemo.app */,
				B32B525E2EB3AB7500B6E5B0 /* AEPContentAnalyticsDemoTests.xctest */,
				B32B52682EB3AB7600B6E5B0 /* AEPContentAnalyticsDemoUITests.xctest */,
			);
			name = Products;
			sourceTree = "<group>";
		};
		B32B52822EB3ABB500B6E5B0 /* Data */ = {
			isa = PBXGroup;
			children = (
				B32B52802EB3ABB500B6E5B0 /* general.json */,
				B32B52812EB3ABB500B6E5B0 /* products.json */,
			);
			path = Data;
			sourceTree = "<group>";
		};
		B32B52852EB3ABB500B6E5B0 /* Model */ = {
			isa = PBXGroup;
			children = (
				B32B52822EB3ABB500B6E5B0 /* Data */,
				B32B52832EB3ABB500B6E5B0 /* General.swift */,
				B32B52842EB3ABB500B6E5B0 /* Products.swift */,
			);
			path = Model;
			sourceTree = "<group>";
		};
		B32B52872EB3ABB500B6E5B0 /* Preview Content */ = {
			isa = PBXGroup;
			children = (
				B32B52862EB3ABB500B6E5B0 /* Preview Assets.xcassets */,
			);
			path = "Preview Content";
			sourceTree = "<group>";
		};
		B32B528C2EB3ABB500B6E5B0 /* Utils */ = {
			isa = PBXGroup;
			children = (
				B32B52892EB3ABB500B6E5B0 /* Bundle-Decodable.swift */,
				B32B528A2EB3ABB500B6E5B0 /* Extensions.swift */,
				B32B528B2EB3ABB500B6E5B0 /* MobileSDK.swift */,
			);
			path = Utils;
			sourceTree = "<group>";
		};
		B32B528F2EB3ABB500B6E5B0 /* Components */ = {
			isa = PBXGroup;
			children = (
				B32B528D2EB3ABB500B6E5B0 /* TrackedAsyncImage.swift */,
				B32B528E2EB3ABB500B6E5B0 /* TrackedExperienceView.swift */,
			);
			path = Components;
			sourceTree = "<group>";
		};
		B32B52912EB3ABB500B6E5B0 /* Examples */ = {
			isa = PBXGroup;
			children = (
				B32B52902EB3ABB500B6E5B0 /* TrackedImageExamples.swift */,
			);
			path = Examples;
			sourceTree = "<group>";
		};
		B32B52962EB3ABB500B6E5B0 /* General */ = {
			isa = PBXGroup;
			children = (
				B32B52922EB3ABB500B6E5B0 /* ConfigView.swift */,
				B32B52932EB3ABB500B6E5B0 /* ContentView.swift */,
				B32B52942EB3ABB500B6E5B0 /* HomeView.swift */,
			);
			path = General;
			sourceTree = "<group>";
		};
		B32B529A2EB3ABB500B6E5B0 /* Products */ = {
			isa = PBXGroup;
			children = (
				B32B52972EB3ABB500B6E5B0 /* ProductRow.swift */,
				B32B52982EB3ABB500B6E5B0 /* ProductsView.swift */,
				B32B52992EB3ABB500B6E5B0 /* ProductView.swift */,
			);
			path = Products;
			sourceTree = "<group>";
		};
		B32B529B2EB3ABB500B6E5B0 /* Views */ = {
			isa = PBXGroup;
			children = (
				B32B528F2EB3ABB500B6E5B0 /* Components */,
				B32B52912EB3ABB500B6E5B0 /* Examples */,
				B32B52962EB3ABB500B6E5B0 /* General */,
				B32B529A2EB3ABB500B6E5B0 /* Products */,
			);
			path = Views;
			sourceTree = "<group>";
		};
		B32B53322EB3AE0B00B6E5B0 /* Frameworks */ = {
			isa = PBXGroup;
			children = (
			);
			name = Frameworks;
			sourceTree = "<group>";
		};
/* End PBXGroup section */

/* Begin PBXNativeTarget section */
		B32B52502EB3AB7400B6E5B0 /* AEPContentAnalyticsDemo */ = {
			isa = PBXNativeTarget;
			buildConfigurationList = B32B52722EB3AB7600B6E5B0 /* Build configuration list for PBXNativeTarget "AEPContentAnalyticsDemo" */;
			buildPhases = (
				B32B524D2EB3AB7400B6E5B0 /* Sources */,
				B32B524E2EB3AB7400B6E5B0 /* Frameworks */,
				B32B524F2EB3AB7400B6E5B0 /* Resources */,
			);
			buildRules = (
			);
			dependencies = (
			);
			name = AEPContentAnalyticsDemo;
			packageProductDependencies = (
				B36E92612EC32BD600F35816 /* AEPContentAnalytics */,
				B36E92642EC3320000F35816 /* AEPEdgeIdentity */,
				B36E92662EC3324C00F35816 /* AEPEdge */,
				B36E92682EC332C300F35816 /* AEPEdgeConsent */,
				B36E926B2EC3340C00F35816 /* AEPCore */,
				B36E926D2EC3340C00F35816 /* AEPIdentity */,
				B36E926F2EC3340C00F35816 /* AEPLifecycle */,
				B36E92712EC3340C00F35816 /* AEPServices */,
				B36E92732EC3340C00F35816 /* AEPSignal */,
				B36E92762EC3364900F35816 /* AEPAssurance */,
			);
			productName = AEPContentAnalyticsDemo;
			productReference = B32B52512EB3AB7400B6E5B0 /* AEPContentAnalyticsDemo.app */;
			productType = "com.apple.product-type.application";
		};
		B32B525D2EB3AB7500B6E5B0 /* AEPContentAnalyticsDemoTests */ = {
			isa = PBXNativeTarget;
			buildConfigurationList = B32B52752EB3AB7600B6E5B0 /* Build configuration list for PBXNativeTarget "AEPContentAnalyticsDemoTests" */;
			buildPhases = (
				B32B525A2EB3AB7500B6E5B0 /* Sources */,
				B32B525B2EB3AB7500B6E5B0 /* Frameworks */,
				B32B525C2EB3AB7500B6E5B0 /* Resources */,
			);
			buildRules = (
			);
			dependencies = (
				B32B52602EB3AB7500B6E5B0 /* PBXTargetDependency */,
			);
			name = AEPContentAnalyticsDemoTests;
			packageProductDependencies = (
			);
			productName = AEPContentAnalyticsDemoTests;
			productReference = B32B525E2EB3AB7500B6E5B0 /* AEPContentAnalyticsDemoTests.xctest */;
			productType = "com.apple.product-type.bundle.unit-test";
		};
		B32B52672EB3AB7600B6E5B0 /* AEPContentAnalyticsDemoUITests */ = {
			isa = PBXNativeTarget;
			buildConfigurationList = B32B52782EB3AB7600B6E5B0 /* Build configuration list for PBXNativeTarget "AEPContentAnalyticsDemoUITests" */;
			buildPhases = (
				B32B52642EB3AB7600B6E5B0 /* Sources */,
				B32B52652EB3AB7600B6E5B0 /* Frameworks */,
				B32B52662EB3AB7600B6E5B0 /* Resources */,
			);
			buildRules = (
			);
			dependencies = (
				B32B526A2EB3AB7600B6E5B0 /* PBXTargetDependency */,
			);
			name = AEPContentAnalyticsDemoUITests;
			packageProductDependencies = (
			);
			productName = AEPContentAnalyticsDemoUITests;
			productReference = B32B52682EB3AB7600B6E5B0 /* AEPContentAnalyticsDemoUITests.xctest */;
			productType = "com.apple.product-type.bundle.ui-testing";
		};
/* End PBXNativeTarget section */

/* Begin PBXProject section */
		B32B52492EB3AB7400B6E5B0 /* Project object */ = {
			isa = PBXProject;
			attributes = {
				BuildIndependentTargetsInParallel = 1;
				LastSwiftUpdateCheck = 1640;
				LastUpgradeCheck = 1640;
				TargetAttributes = {
					B32B52502EB3AB7400B6E5B0 = {
						CreatedOnToolsVersion = 16.4;
					};
					B32B525D2EB3AB7500B6E5B0 = {
						CreatedOnToolsVersion = 16.4;
						TestTargetID = B32B52502EB3AB7400B6E5B0;
					};
					B32B52672EB3AB7600B6E5B0 = {
						CreatedOnToolsVersion = 16.4;
						TestTargetID = B32B52502EB3AB7400B6E5B0;
					};
				};
			};
			buildConfigurationList = B32B524C2EB3AB7400B6E5B0 /* Build configuration list for PBXProject "AEPContentAnalyticsDemo" */;
			developmentRegion = en;
			hasScannedForEncodings = 0;
			knownRegions = (
				en,
				Base,
			);
			mainGroup = B32B52482EB3AB7400B6E5B0;
			minimizedProjectReferenceProxies = 1;
			packageReferences = (
				B32B53312EB3AC2300B6E5B0 /* XCRemoteSwiftPackageReference "aepsdk-edge-ios" */,
				B32B53332EB3AE5300B6E5B0 /* XCRemoteSwiftPackageReference "aepsdk-edgeconsent-ios" */,
				B32B53342EB3AE7700B6E5B0 /* XCRemoteSwiftPackageReference "aepsdk-edgeidentity-ios" */,
				B36E92632EC32CB700F35816 /* XCLocalSwiftPackageReference "../../../aca-mobile-sdk-ios-extension" */,
				B36E926A2EC333F800F35816 /* XCRemoteSwiftPackageReference "aepsdk-core-ios" */,
				B36E92752EC3362E00F35816 /* XCRemoteSwiftPackageReference "aepsdk-assurance-ios" */,
			);
			preferredProjectObjectVersion = 77;
			productRefGroup = B32B52522EB3AB7400B6E5B0 /* Products */;
			projectDirPath = "";
			projectRoot = "";
			targets = (
				B32B52502EB3AB7400B6E5B0 /* AEPContentAnalyticsDemo */,
				B32B525D2EB3AB7500B6E5B0 /* AEPContentAnalyticsDemoTests */,
				B32B52672EB3AB7600B6E5B0 /* AEPContentAnalyticsDemoUITests */,
			);
		};
/* End PBXProject section */

/* Begin PBXResourcesBuildPhase section */
		B32B524F2EB3AB7400B6E5B0 /* Resources */ = {
			isa = PBXResourcesBuildPhase;
			buildActionMask = 2147483647;
			files = (
				B32B529C2EB3ABB500B6E5B0 /* Preview Assets.xcassets in Resources */,
				B32B529D2EB3ABB500B6E5B0 /* products.json in Resources */,
				B32B529E2EB3ABB500B6E5B0 /* Assets.xcassets in Resources */,
				B32B529F2EB3ABB500B6E5B0 /* general.json in Resources */,
			);
			runOnlyForDeploymentPostprocessing = 0;
		};
		B32B525C2EB3AB7500B6E5B0 /* Resources */ = {
			isa = PBXResourcesBuildPhase;
			buildActionMask = 2147483647;
			files = (
			);
			runOnlyForDeploymentPostprocessing = 0;
		};
		B32B52662EB3AB7600B6E5B0 /* Resources */ = {
			isa = PBXResourcesBuildPhase;
			buildActionMask = 2147483647;
			files = (
			);
			runOnlyForDeploymentPostprocessing = 0;
		};
/* End PBXResourcesBuildPhase section */

/* Begin PBXSourcesBuildPhase section */
		B32B524D2EB3AB7400B6E5B0 /* Sources */ = {
			isa = PBXSourcesBuildPhase;
			buildActionMask = 2147483647;
			files = (
				B32B52A12EB3ABB500B6E5B0 /* ProductRow.swift in Sources */,
				B32B52A22EB3ABB500B6E5B0 /* ProductView.swift in Sources */,
				B32B52A42EB3ABB500B6E5B0 /* AppDelegate.swift in Sources */,
				B32B52A52EB3ABB500B6E5B0 /* ContentView.swift in Sources */,
				B32B52A62EB3ABB500B6E5B0 /* MobileSDK.swift in Sources */,
				B32B52A72EB3ABB500B6E5B0 /* TrackedImageExamples.swift in Sources */,
				B32B52A82EB3ABB500B6E5B0 /* General.swift in Sources */,
				B32B52A92EB3ABB500B6E5B0 /* Extensions.swift in Sources */,
				B32B52AA2EB3ABB500B6E5B0 /* LumaApp.swift in Sources */,
				B32B52AB2EB3ABB500B6E5B0 /* Products.swift in Sources */,
				B32B52AC2EB3ABB500B6E5B0 /* HomeView.swift in Sources */,
				B32B52AD2EB3ABB500B6E5B0 /* SceneDelegate.swift in Sources */,
				B32B52AE2EB3ABB500B6E5B0 /* ProductsView.swift in Sources */,
				B32B52AF2EB3ABB500B6E5B0 /* TrackedExperienceView.swift in Sources */,
				B32B52B02EB3ABB500B6E5B0 /* Bundle-Decodable.swift in Sources */,
				B32B52B12EB3ABB500B6E5B0 /* TrackedAsyncImage.swift in Sources */,
				B32B52B22EB3ABB500B6E5B0 /* ConfigView.swift in Sources */,
			);
			runOnlyForDeploymentPostprocessing = 0;
		};
		B32B525A2EB3AB7500B6E5B0 /* Sources */ = {
			isa = PBXSourcesBuildPhase;
			buildActionMask = 2147483647;
			files = (
			);
			runOnlyForDeploymentPostprocessing = 0;
		};
		B32B52642EB3AB7600B6E5B0 /* Sources */ = {
			isa = PBXSourcesBuildPhase;
			buildActionMask = 2147483647;
			files = (
				B31B892B2EC63BE500C5BE60 /* ContentAnalyticsIntegrationTests.swift in Sources */,
			);
			runOnlyForDeploymentPostprocessing = 0;
		};
/* End PBXSourcesBuildPhase section */

/* Begin PBXTargetDependency section */
		B32B52602EB3AB7500B6E5B0 /* PBXTargetDependency */ = {
			isa = PBXTargetDependency;
			target = B32B52502EB3AB7400B6E5B0 /* AEPContentAnalyticsDemo */;
			targetProxy = B32B525F2EB3AB7500B6E5B0 /* PBXContainerItemProxy */;
		};
		B32B526A2EB3AB7600B6E5B0 /* PBXTargetDependency */ = {
			isa = PBXTargetDependency;
			target = B32B52502EB3AB7400B6E5B0 /* AEPContentAnalyticsDemo */;
			targetProxy = B32B52692EB3AB7600B6E5B0 /* PBXContainerItemProxy */;
		};
/* End PBXTargetDependency section */

/* Begin XCBuildConfiguration section */
		B32B52702EB3AB7600B6E5B0 /* Debug */ = {
			isa = XCBuildConfiguration;
			buildSettings = {
				ALWAYS_SEARCH_USER_PATHS = NO;
				ASSETCATALOG_COMPILER_GENERATE_SWIFT_ASSET_SYMBOL_EXTENSIONS = YES;
				CLANG_ANALYZER_NONNULL = YES;
				CLANG_ANALYZER_NUMBER_OBJECT_CONVERSION = YES_AGGRESSIVE;
				CLANG_CXX_LANGUAGE_STANDARD = "gnu++20";
				CLANG_ENABLE_MODULES = YES;
				CLANG_ENABLE_OBJC_ARC = YES;
				CLANG_ENABLE_OBJC_WEAK = YES;
				CLANG_WARN_BLOCK_CAPTURE_AUTORELEASING = YES;
				CLANG_WARN_BOOL_CONVERSION = YES;
				CLANG_WARN_COMMA = YES;
				CLANG_WARN_CONSTANT_CONVERSION = YES;
				CLANG_WARN_DEPRECATED_OBJC_IMPLEMENTATIONS = YES;
				CLANG_WARN_DIRECT_OBJC_ISA_USAGE = YES_ERROR;
				CLANG_WARN_DOCUMENTATION_COMMENTS = YES;
				CLANG_WARN_EMPTY_BODY = YES;
				CLANG_WARN_ENUM_CONVERSION = YES;
				CLANG_WARN_INFINITE_RECURSION = YES;
				CLANG_WARN_INT_CONVERSION = YES;
				CLANG_WARN_NON_LITERAL_NULL_CONVERSION = YES;
				CLANG_WARN_OBJC_IMPLICIT_RETAIN_SELF = YES;
				CLANG_WARN_OBJC_LITERAL_CONVERSION = YES;
				CLANG_WARN_OBJC_ROOT_CLASS = YES_ERROR;
				CLANG_WARN_QUOTED_INCLUDE_IN_FRAMEWORK_HEADER = YES;
				CLANG_WARN_RANGE_LOOP_ANALYSIS = YES;
				CLANG_WARN_STRICT_PROTOTYPES = YES;
				CLANG_WARN_SUSPICIOUS_MOVE = YES;
				CLANG_WARN_UNGUARDED_AVAILABILITY = YES_AGGRESSIVE;
				CLANG_WARN_UNREACHABLE_CODE = YES;
				CLANG_WARN__DUPLICATE_METHOD_MATCH = YES;
				COPY_PHASE_STRIP = NO;
				DEBUG_INFORMATION_FORMAT = dwarf;
				ENABLE_STRICT_OBJC_MSGSEND = YES;
				ENABLE_TESTABILITY = YES;
				ENABLE_USER_SCRIPT_SANDBOXING = YES;
				GCC_C_LANGUAGE_STANDARD = gnu17;
				GCC_DYNAMIC_NO_PIC = NO;
				GCC_NO_COMMON_BLOCKS = YES;
				GCC_OPTIMIZATION_LEVEL = 0;
				GCC_PREPROCESSOR_DEFINITIONS = (
					"DEBUG=1",
					"$(inherited)",
				);
				GCC_WARN_64_TO_32_BIT_CONVERSION = YES;
				GCC_WARN_ABOUT_RETURN_TYPE = YES_ERROR;
				GCC_WARN_UNDECLARED_SELECTOR = YES;
				GCC_WARN_UNINITIALIZED_AUTOS = YES_AGGRESSIVE;
				GCC_WARN_UNUSED_FUNCTION = YES;
				GCC_WARN_UNUSED_VARIABLE = YES;
				IPHONEOS_DEPLOYMENT_TARGET = 18.5;
				LOCALIZATION_PREFERS_STRING_CATALOGS = YES;
				MTL_ENABLE_DEBUG_INFO = INCLUDE_SOURCE;
				MTL_FAST_MATH = YES;
				ONLY_ACTIVE_ARCH = YES;
				SDKROOT = iphoneos;
				SWIFT_ACTIVE_COMPILATION_CONDITIONS = "DEBUG $(inherited)";
				SWIFT_OPTIMIZATION_LEVEL = "-Onone";
			};
			name = Debug;
		};
		B32B52712EB3AB7600B6E5B0 /* Release */ = {
			isa = XCBuildConfiguration;
			buildSettings = {
				ALWAYS_SEARCH_USER_PATHS = NO;
				ASSETCATALOG_COMPILER_GENERATE_SWIFT_ASSET_SYMBOL_EXTENSIONS = YES;
				CLANG_ANALYZER_NONNULL = YES;
				CLANG_ANALYZER_NUMBER_OBJECT_CONVERSION = YES_AGGRESSIVE;
				CLANG_CXX_LANGUAGE_STANDARD = "gnu++20";
				CLANG_ENABLE_MODULES = YES;
				CLANG_ENABLE_OBJC_ARC = YES;
				CLANG_ENABLE_OBJC_WEAK = YES;
				CLANG_WARN_BLOCK_CAPTURE_AUTORELEASING = YES;
				CLANG_WARN_BOOL_CONVERSION = YES;
				CLANG_WARN_COMMA = YES;
				CLANG_WARN_CONSTANT_CONVERSION = YES;
				CLANG_WARN_DEPRECATED_OBJC_IMPLEMENTATIONS = YES;
				CLANG_WARN_DIRECT_OBJC_ISA_USAGE = YES_ERROR;
				CLANG_WARN_DOCUMENTATION_COMMENTS = YES;
				CLANG_WARN_EMPTY_BODY = YES;
				CLANG_WARN_ENUM_CONVERSION = YES;
				CLANG_WARN_INFINITE_RECURSION = YES;
				CLANG_WARN_INT_CONVERSION = YES;
				CLANG_WARN_NON_LITERAL_NULL_CONVERSION = YES;
				CLANG_WARN_OBJC_IMPLICIT_RETAIN_SELF = YES;
				CLANG_WARN_OBJC_LITERAL_CONVERSION = YES;
				CLANG_WARN_OBJC_ROOT_CLASS = YES_ERROR;
				CLANG_WARN_QUOTED_INCLUDE_IN_FRAMEWORK_HEADER = YES;
				CLANG_WARN_RANGE_LOOP_ANALYSIS = YES;
				CLANG_WARN_STRICT_PROTOTYPES = YES;
				CLANG_WARN_SUSPICIOUS_MOVE = YES;
				CLANG_WARN_UNGUARDED_AVAILABILITY = YES_AGGRESSIVE;
				CLANG_WARN_UNREACHABLE_CODE = YES;
				CLANG_WARN__DUPLICATE_METHOD_MATCH = YES;
				COPY_PHASE_STRIP = NO;
				DEBUG_INFORMATION_FORMAT = "dwarf-with-dsym";
				ENABLE_NS_ASSERTIONS = NO;
				ENABLE_STRICT_OBJC_MSGSEND = YES;
				ENABLE_USER_SCRIPT_SANDBOXING = YES;
				GCC_C_LANGUAGE_STANDARD = gnu17;
				GCC_NO_COMMON_BLOCKS = YES;
				GCC_WARN_64_TO_32_BIT_CONVERSION = YES;
				GCC_WARN_ABOUT_RETURN_TYPE = YES_ERROR;
				GCC_WARN_UNDECLARED_SELECTOR = YES;
				GCC_WARN_UNINITIALIZED_AUTOS = YES_AGGRESSIVE;
				GCC_WARN_UNUSED_FUNCTION = YES;
				GCC_WARN_UNUSED_VARIABLE = YES;
				IPHONEOS_DEPLOYMENT_TARGET = 18.5;
				LOCALIZATION_PREFERS_STRING_CATALOGS = YES;
				MTL_ENABLE_DEBUG_INFO = NO;
				MTL_FAST_MATH = YES;
				SDKROOT = iphoneos;
				SWIFT_COMPILATION_MODE = wholemodule;
				VALIDATE_PRODUCT = YES;
			};
			name = Release;
		};
		B32B52732EB3AB7600B6E5B0 /* Debug */ = {
			isa = XCBuildConfiguration;
			buildSettings = {
				ASSETCATALOG_COMPILER_APPICON_NAME = AppIcon;
				ASSETCATALOG_COMPILER_GLOBAL_ACCENT_COLOR_NAME = AccentColor;
				CODE_SIGN_STYLE = Automatic;
				CURRENT_PROJECT_VERSION = 1;
				ENABLE_PREVIEWS = YES;
				GENERATE_INFOPLIST_FILE = YES;
				INFOPLIST_KEY_UIApplicationSceneManifest_Generation = YES;
				INFOPLIST_KEY_UIApplicationSupportsIndirectInputEvents = YES;
				INFOPLIST_KEY_UILaunchScreen_Generation = YES;
				INFOPLIST_KEY_UISupportedInterfaceOrientations_iPad = "UIInterfaceOrientationPortrait UIInterfaceOrientationPortraitUpsideDown UIInterfaceOrientationLandscapeLeft UIInterfaceOrientationLandscapeRight";
				INFOPLIST_KEY_UISupportedInterfaceOrientations_iPhone = "UIInterfaceOrientationPortrait UIInterfaceOrientationLandscapeLeft UIInterfaceOrientationLandscapeRight";
				LD_RUNPATH_SEARCH_PATHS = (
					"$(inherited)",
					"@executable_path/Frameworks",
				);
				MARKETING_VERSION = 1.0;
				PRODUCT_BUNDLE_IDENTIFIER = com.adobe.mobile.AEPContentAnalyticsDemo;
				PRODUCT_NAME = "$(TARGET_NAME)";
				SWIFT_EMIT_LOC_STRINGS = YES;
				SWIFT_VERSION = 5.0;
				TARGETED_DEVICE_FAMILY = "1,2";
			};
			name = Debug;
		};
		B32B52742EB3AB7600B6E5B0 /* Release */ = {
			isa = XCBuildConfiguration;
			buildSettings = {
				ASSETCATALOG_COMPILER_APPICON_NAME = AppIcon;
				ASSETCATALOG_COMPILER_GLOBAL_ACCENT_COLOR_NAME = AccentColor;
				CODE_SIGN_STYLE = Automatic;
				CURRENT_PROJECT_VERSION = 1;
				ENABLE_PREVIEWS = YES;
				GENERATE_INFOPLIST_FILE = YES;
				INFOPLIST_KEY_UIApplicationSceneManifest_Generation = YES;
				INFOPLIST_KEY_UIApplicationSupportsIndirectInputEvents = YES;
				INFOPLIST_KEY_UILaunchScreen_Generation = YES;
				INFOPLIST_KEY_UISupportedInterfaceOrientations_iPad = "UIInterfaceOrientationPortrait UIInterfaceOrientationPortraitUpsideDown UIInterfaceOrientationLandscapeLeft UIInterfaceOrientationLandscapeRight";
				INFOPLIST_KEY_UISupportedInterfaceOrientations_iPhone = "UIInterfaceOrientationPortrait UIInterfaceOrientationLandscapeLeft UIInterfaceOrientationLandscapeRight";
				LD_RUNPATH_SEARCH_PATHS = (
					"$(inherited)",
					"@executable_path/Frameworks",
				);
				MARKETING_VERSION = 1.0;
				PRODUCT_BUNDLE_IDENTIFIER = com.adobe.mobile.AEPContentAnalyticsDemo;
				PRODUCT_NAME = "$(TARGET_NAME)";
				SWIFT_EMIT_LOC_STRINGS = YES;
				SWIFT_VERSION = 5.0;
				TARGETED_DEVICE_FAMILY = "1,2";
			};
			name = Release;
		};
		B32B52762EB3AB7600B6E5B0 /* Debug */ = {
			isa = XCBuildConfiguration;
			buildSettings = {
				BUNDLE_LOADER = "$(TEST_HOST)";
				CODE_SIGN_STYLE = Automatic;
				CURRENT_PROJECT_VERSION = 1;
				GENERATE_INFOPLIST_FILE = YES;
				IPHONEOS_DEPLOYMENT_TARGET = 18.5;
				MARKETING_VERSION = 1.0;
				PRODUCT_BUNDLE_IDENTIFIER = com.adobe.mobile.AEPContentAnalyticsDemoTests;
				PRODUCT_NAME = "$(TARGET_NAME)";
				SWIFT_EMIT_LOC_STRINGS = NO;
				SWIFT_VERSION = 5.0;
				TARGETED_DEVICE_FAMILY = "1,2";
				TEST_HOST = "$(BUILT_PRODUCTS_DIR)/AEPContentAnalyticsDemo.app/$(BUNDLE_EXECUTABLE_FOLDER_PATH)/AEPContentAnalyticsDemo";
			};
			name = Debug;
		};
		B32B52772EB3AB7600B6E5B0 /* Release */ = {
			isa = XCBuildConfiguration;
			buildSettings = {
				BUNDLE_LOADER = "$(TEST_HOST)";
				CODE_SIGN_STYLE = Automatic;
				CURRENT_PROJECT_VERSION = 1;
				GENERATE_INFOPLIST_FILE = YES;
				IPHONEOS_DEPLOYMENT_TARGET = 18.5;
				MARKETING_VERSION = 1.0;
				PRODUCT_BUNDLE_IDENTIFIER = com.adobe.mobile.AEPContentAnalyticsDemoTests;
				PRODUCT_NAME = "$(TARGET_NAME)";
				SWIFT_EMIT_LOC_STRINGS = NO;
				SWIFT_VERSION = 5.0;
				TARGETED_DEVICE_FAMILY = "1,2";
				TEST_HOST = "$(BUILT_PRODUCTS_DIR)/AEPContentAnalyticsDemo.app/$(BUNDLE_EXECUTABLE_FOLDER_PATH)/AEPContentAnalyticsDemo";
			};
			name = Release;
		};
		B32B52792EB3AB7600B6E5B0 /* Debug */ = {
			isa = XCBuildConfiguration;
			buildSettings = {
				CODE_SIGN_STYLE = Automatic;
				CURRENT_PROJECT_VERSION = 1;
				GENERATE_INFOPLIST_FILE = YES;
				MARKETING_VERSION = 1.0;
				PRODUCT_BUNDLE_IDENTIFIER = com.adobe.mobile.AEPContentAnalyticsDemoUITests;
				PRODUCT_NAME = "$(TARGET_NAME)";
				SWIFT_EMIT_LOC_STRINGS = NO;
				SWIFT_VERSION = 5.0;
				TARGETED_DEVICE_FAMILY = "1,2";
				TEST_TARGET_NAME = AEPContentAnalyticsDemo;
			};
			name = Debug;
		};
		B32B527A2EB3AB7600B6E5B0 /* Release */ = {
			isa = XCBuildConfiguration;
			buildSettings = {
				CODE_SIGN_STYLE = Automatic;
				CURRENT_PROJECT_VERSION = 1;
				GENERATE_INFOPLIST_FILE = YES;
				MARKETING_VERSION = 1.0;
				PRODUCT_BUNDLE_IDENTIFIER = com.adobe.mobile.AEPContentAnalyticsDemoUITests;
				PRODUCT_NAME = "$(TARGET_NAME)";
				SWIFT_EMIT_LOC_STRINGS = NO;
				SWIFT_VERSION = 5.0;
				TARGETED_DEVICE_FAMILY = "1,2";
				TEST_TARGET_NAME = AEPContentAnalyticsDemo;
			};
			name = Release;
		};
/* End XCBuildConfiguration section */

/* Begin XCConfigurationList section */
		B32B524C2EB3AB7400B6E5B0 /* Build configuration list for PBXProject "AEPContentAnalyticsDemo" */ = {
			isa = XCConfigurationList;
			buildConfigurations = (
				B32B52702EB3AB7600B6E5B0 /* Debug */,
				B32B52712EB3AB7600B6E5B0 /* Release */,
			);
			defaultConfigurationIsVisible = 0;
			defaultConfigurationName = Release;
		};
		B32B52722EB3AB7600B6E5B0 /* Build configuration list for PBXNativeTarget "AEPContentAnalyticsDemo" */ = {
			isa = XCConfigurationList;
			buildConfigurations = (
				B32B52732EB3AB7600B6E5B0 /* Debug */,
				B32B52742EB3AB7600B6E5B0 /* Release */,
			);
			defaultConfigurationIsVisible = 0;
			defaultConfigurationName = Release;
		};
		B32B52752EB3AB7600B6E5B0 /* Build configuration list for PBXNativeTarget "AEPContentAnalyticsDemoTests" */ = {
			isa = XCConfigurationList;
			buildConfigurations = (
				B32B52762EB3AB7600B6E5B0 /* Debug */,
				B32B52772EB3AB7600B6E5B0 /* Release */,
			);
			defaultConfigurationIsVisible = 0;
			defaultConfigurationName = Release;
		};
		B32B52782EB3AB7600B6E5B0 /* Build configuration list for PBXNativeTarget "AEPContentAnalyticsDemoUITests" */ = {
			isa = XCConfigurationList;
			buildConfigurations = (
				B32B52792EB3AB7600B6E5B0 /* Debug */,
				B32B527A2EB3AB7600B6E5B0 /* Release */,
			);
			defaultConfigurationIsVisible = 0;
			defaultConfigurationName = Release;
		};
/* End XCConfigurationList section */

/* Begin XCLocalSwiftPackageReference section */
		B36E92632EC32CB700F35816 /* XCLocalSwiftPackageReference "../../../aca-mobile-sdk-ios-extension" */ = {
			isa = XCLocalSwiftPackageReference;
			relativePath = "../../../aca-mobile-sdk-ios-extension";
		};
/* End XCLocalSwiftPackageReference section */

/* Begin XCRemoteSwiftPackageReference section */
		B32B53312EB3AC2300B6E5B0 /* XCRemoteSwiftPackageReference "aepsdk-edge-ios" */ = {
			isa = XCRemoteSwiftPackageReference;
			repositoryURL = "https://github.com/adobe/aepsdk-edge-ios.git";
			requirement = {
				kind = upToNextMajorVersion;
				minimumVersion = 5.0.3;
			};
		};
		B32B53332EB3AE5300B6E5B0 /* XCRemoteSwiftPackageReference "aepsdk-edgeconsent-ios" */ = {
			isa = XCRemoteSwiftPackageReference;
			repositoryURL = "https://github.com/adobe/aepsdk-edgeconsent-ios.git";
			requirement = {
				kind = upToNextMajorVersion;
				minimumVersion = 5.0.1;
			};
		};
		B32B53342EB3AE7700B6E5B0 /* XCRemoteSwiftPackageReference "aepsdk-edgeidentity-ios" */ = {
			isa = XCRemoteSwiftPackageReference;
			repositoryURL = "https://github.com/adobe/aepsdk-edgeidentity-ios.git";
			requirement = {
				kind = upToNextMajorVersion;
				minimumVersion = 5.0.0;
			};
		};
		B36E926A2EC333F800F35816 /* XCRemoteSwiftPackageReference "aepsdk-core-ios" */ = {
			isa = XCRemoteSwiftPackageReference;
			repositoryURL = "https://github.com/adobe/aepsdk-core-ios.git";
			requirement = {
				kind = upToNextMajorVersion;
				minimumVersion = 5.7.0;
			};
		};
		B36E92752EC3362E00F35816 /* XCRemoteSwiftPackageReference "aepsdk-assurance-ios" */ = {
			isa = XCRemoteSwiftPackageReference;
			repositoryURL = "https://github.com/adobe/aepsdk-assurance-ios.git";
			requirement = {
				kind = upToNextMajorVersion;
				minimumVersion = 5.0.2;
			};
		};
/* End XCRemoteSwiftPackageReference section */

/* Begin XCSwiftPackageProductDependency section */
		B36E92612EC32BD600F35816 /* AEPContentAnalytics */ = {
			isa = XCSwiftPackageProductDependency;
			package = B36E92632EC32CB700F35816 /* XCLocalSwiftPackageReference "../../../aca-mobile-sdk-ios-extension" */;
			productName = AEPContentAnalytics;
		};
		B36E92642EC3320000F35816 /* AEPEdgeIdentity */ = {
			isa = XCSwiftPackageProductDependency;
			package = B32B53342EB3AE7700B6E5B0 /* XCRemoteSwiftPackageReference "aepsdk-edgeidentity-ios" */;
			productName = AEPEdgeIdentity;
		};
		B36E92662EC3324C00F35816 /* AEPEdge */ = {
			isa = XCSwiftPackageProductDependency;
			package = B32B53312EB3AC2300B6E5B0 /* XCRemoteSwiftPackageReference "aepsdk-edge-ios" */;
			productName = AEPEdge;
		};
		B36E92682EC332C300F35816 /* AEPEdgeConsent */ = {
			isa = XCSwiftPackageProductDependency;
			package = B32B53332EB3AE5300B6E5B0 /* XCRemoteSwiftPackageReference "aepsdk-edgeconsent-ios" */;
			productName = AEPEdgeConsent;
		};
		B36E926B2EC3340C00F35816 /* AEPCore */ = {
			isa = XCSwiftPackageProductDependency;
			package = B36E926A2EC333F800F35816 /* XCRemoteSwiftPackageReference "aepsdk-core-ios" */;
			productName = AEPCore;
		};
		B36E926D2EC3340C00F35816 /* AEPIdentity */ = {
			isa = XCSwiftPackageProductDependency;
			package = B36E926A2EC333F800F35816 /* XCRemoteSwiftPackageReference "aepsdk-core-ios" */;
			productName = AEPIdentity;
		};
		B36E926F2EC3340C00F35816 /* AEPLifecycle */ = {
			isa = XCSwiftPackageProductDependency;
			package = B36E926A2EC333F800F35816 /* XCRemoteSwiftPackageReference "aepsdk-core-ios" */;
			productName = AEPLifecycle;
		};
		B36E92712EC3340C00F35816 /* AEPServices */ = {
			isa = XCSwiftPackageProductDependency;
			package = B36E926A2EC333F800F35816 /* XCRemoteSwiftPackageReference "aepsdk-core-ios" */;
			productName = AEPServices;
		};
		B36E92732EC3340C00F35816 /* AEPSignal */ = {
			isa = XCSwiftPackageProductDependency;
			package = B36E926A2EC333F800F35816 /* XCRemoteSwiftPackageReference "aepsdk-core-ios" */;
			productName = AEPSignal;
		};
		B36E92762EC3364900F35816 /* AEPAssurance */ = {
			isa = XCSwiftPackageProductDependency;
			package = B36E92752EC3362E00F35816 /* XCRemoteSwiftPackageReference "aepsdk-assurance-ios" */;
			productName = AEPAssurance;
		};
/* End XCSwiftPackageProductDependency section */
	};
	rootObject = B32B52492EB3AB7400B6E5B0 /* Project object */;
}
